// !$*UTF8*$!
{
	archiveVersion = 1;
	classes = {
	};
	objectVersion = 50;
	objects = {

/* Begin PBXBuildFile section */
		04076C34237A526400F2DDC4 /* AppDelegate.swift in Sources */ = {isa = PBXBuildFile; fileRef = 04076C33237A526400F2DDC4 /* AppDelegate.swift */; };
		04076C36237A526400F2DDC4 /* SceneDelegate.swift in Sources */ = {isa = PBXBuildFile; fileRef = 04076C35237A526400F2DDC4 /* SceneDelegate.swift */; };
		04076C38237A526400F2DDC4 /* LoginViewController.swift in Sources */ = {isa = PBXBuildFile; fileRef = 04076C37237A526400F2DDC4 /* LoginViewController.swift */; };
		04076C3B237A526400F2DDC4 /* Main.storyboard in Resources */ = {isa = PBXBuildFile; fileRef = 04076C39237A526400F2DDC4 /* Main.storyboard */; };
		04076C3D237A526600F2DDC4 /* Assets.xcassets in Resources */ = {isa = PBXBuildFile; fileRef = 04076C3C237A526600F2DDC4 /* Assets.xcassets */; };
		04076C40237A526600F2DDC4 /* LaunchScreen.storyboard in Resources */ = {isa = PBXBuildFile; fileRef = 04076C3E237A526600F2DDC4 /* LaunchScreen.storyboard */; };
		04286054237A74ED00517D71 /* FluidBackgroundView.swift in Sources */ = {isa = PBXBuildFile; fileRef = 04286053237A74ED00517D71 /* FluidBackgroundView.swift */; };
		04286056237A80E700517D71 /* RoundedButton.swift in Sources */ = {isa = PBXBuildFile; fileRef = 04286055237A80E700517D71 /* RoundedButton.swift */; };
/* End PBXBuildFile section */

/* Begin PBXFileReference section */
		04076C30237A526400F2DDC4 /* SongMaps.app */ = {isa = PBXFileReference; explicitFileType = wrapper.application; includeInIndex = 0; path = SongMaps.app; sourceTree = BUILT_PRODUCTS_DIR; };
		04076C33237A526400F2DDC4 /* AppDelegate.swift */ = {isa = PBXFileReference; lastKnownFileType = sourcecode.swift; path = AppDelegate.swift; sourceTree = "<group>"; };
		04076C35237A526400F2DDC4 /* SceneDelegate.swift */ = {isa = PBXFileReference; lastKnownFileType = sourcecode.swift; path = SceneDelegate.swift; sourceTree = "<group>"; };
		04076C37237A526400F2DDC4 /* LoginViewController.swift */ = {isa = PBXFileReference; lastKnownFileType = sourcecode.swift; path = LoginViewController.swift; sourceTree = "<group>"; };
		04076C3A237A526400F2DDC4 /* Base */ = {isa = PBXFileReference; lastKnownFileType = file.storyboard; name = Base; path = Base.lproj/Main.storyboard; sourceTree = "<group>"; };
		04076C3C237A526600F2DDC4 /* Assets.xcassets */ = {isa = PBXFileReference; lastKnownFileType = folder.assetcatalog; path = Assets.xcassets; sourceTree = "<group>"; };
		04076C3F237A526600F2DDC4 /* Base */ = {isa = PBXFileReference; lastKnownFileType = file.storyboard; name = Base; path = Base.lproj/LaunchScreen.storyboard; sourceTree = "<group>"; };
		04076C41237A526600F2DDC4 /* Info.plist */ = {isa = PBXFileReference; lastKnownFileType = text.plist.xml; path = Info.plist; sourceTree = "<group>"; };
		04286053237A74ED00517D71 /* FluidBackgroundView.swift */ = {isa = PBXFileReference; lastKnownFileType = sourcecode.swift; path = FluidBackgroundView.swift; sourceTree = "<group>"; };
		04286055237A80E700517D71 /* RoundedButton.swift */ = {isa = PBXFileReference; lastKnownFileType = sourcecode.swift; path = RoundedButton.swift; sourceTree = "<group>"; };
/* End PBXFileReference section */

/* Begin PBXFrameworksBuildPhase section */
		04076C2D237A526400F2DDC4 /* Frameworks */ = {
			isa = PBXFrameworksBuildPhase;
			buildActionMask = 2147483647;
			files = (
			);
			runOnlyForDeploymentPostprocessing = 0;
		};
/* End PBXFrameworksBuildPhase section */

/* Begin PBXGroup section */
		04076C27237A526400F2DDC4 = {
			isa = PBXGroup;
			children = (
				04076C32237A526400F2DDC4 /* SongMaps */,
				04076C31237A526400F2DDC4 /* Products */,
			);
			sourceTree = "<group>";
		};
		04076C31237A526400F2DDC4 /* Products */ = {
			isa = PBXGroup;
			children = (
				04076C30237A526400F2DDC4 /* SongMaps.app */,
			);
			name = Products;
			sourceTree = "<group>";
		};
		04076C32237A526400F2DDC4 /* SongMaps */ = {
			isa = PBXGroup;
			children = (
				04076C33237A526400F2DDC4 /* AppDelegate.swift */,
				04076C35237A526400F2DDC4 /* SceneDelegate.swift */,
				04076C37237A526400F2DDC4 /* LoginViewController.swift */,
				04286053237A74ED00517D71 /* FluidBackgroundView.swift */,
				04286055237A80E700517D71 /* RoundedButton.swift */,
				04076C39237A526400F2DDC4 /* Main.storyboard */,
				04076C3C237A526600F2DDC4 /* Assets.xcassets */,
				04076C3E237A526600F2DDC4 /* LaunchScreen.storyboard */,
				04076C41237A526600F2DDC4 /* Info.plist */,
			);
			path = SongMaps;
			sourceTree = "<group>";
		};
/* End PBXGroup section */

/* Begin PBXNativeTarget section */
		04076C2F237A526400F2DDC4 /* SongMaps */ = {
			isa = PBXNativeTarget;
			buildConfigurationList = 04076C44237A526600F2DDC4 /* Build configuration list for PBXNativeTarget "SongMaps" */;
			buildPhases = (
				04076C2C237A526400F2DDC4 /* Sources */,
				04076C2D237A526400F2DDC4 /* Frameworks */,
				04076C2E237A526400F2DDC4 /* Resources */,
			);
			buildRules = (
			);
			dependencies = (
			);
			name = SongMaps;
			productName = SongMaps;
			productReference = 04076C30237A526400F2DDC4 /* SongMaps.app */;
			productType = "com.apple.product-type.application";
		};
/* End PBXNativeTarget section */

/* Begin PBXProject section */
		04076C28237A526400F2DDC4 /* Project object */ = {
			isa = PBXProject;
			attributes = {
				LastSwiftUpdateCheck = 1120;
				LastUpgradeCheck = 1120;
				ORGANIZATIONNAME = Polecat;
				TargetAttributes = {
					04076C2F237A526400F2DDC4 = {
						CreatedOnToolsVersion = 11.2.1;
					};
				};
			};
			buildConfigurationList = 04076C2B237A526400F2DDC4 /* Build configuration list for PBXProject "SongMaps" */;
			compatibilityVersion = "Xcode 9.3";
			developmentRegion = en;
			hasScannedForEncodings = 0;
			knownRegions = (
				en,
				Base,
			);
			mainGroup = 04076C27237A526400F2DDC4;
			productRefGroup = 04076C31237A526400F2DDC4 /* Products */;
			projectDirPath = "";
			projectRoot = "";
			targets = (
				04076C2F237A526400F2DDC4 /* SongMaps */,
			);
		};
/* End PBXProject section */

/* Begin PBXResourcesBuildPhase section */
		04076C2E237A526400F2DDC4 /* Resources */ = {
			isa = PBXResourcesBuildPhase;
			buildActionMask = 2147483647;
			files = (
				04076C40237A526600F2DDC4 /* LaunchScreen.storyboard in Resources */,
				04076C3D237A526600F2DDC4 /* Assets.xcassets in Resources */,
				04076C3B237A526400F2DDC4 /* Main.storyboard in Resources */,
			);
			runOnlyForDeploymentPostprocessing = 0;
		};
/* End PBXResourcesBuildPhase section */

/* Begin PBXSourcesBuildPhase section */
		04076C2C237A526400F2DDC4 /* Sources */ = {
			isa = PBXSourcesBuildPhase;
			buildActionMask = 2147483647;
			files = (
				04076C38237A526400F2DDC4 /* LoginViewController.swift in Sources */,
				04286056237A80E700517D71 /* RoundedButton.swift in Sources */,
				04076C34237A526400F2DDC4 /* AppDelegate.swift in Sources */,
				04076C36237A526400F2DDC4 /* SceneDelegate.swift in Sources */,
				04286054237A74ED00517D71 /* FluidBackgroundView.swift in Sources */,
			);
			runOnlyForDeploymentPostprocessing = 0;
		};
/* End PBXSourcesBuildPhase section */

/* Begin PBXVariantGroup section */
		04076C39237A526400F2DDC4 /* Main.storyboard */ = {
			isa = PBXVariantGroup;
			children = (
				04076C3A237A526400F2DDC4 /* Base */,
			);
			name = Main.storyboard;
			sourceTree = "<group>";
		};
		04076C3E237A526600F2DDC4 /* LaunchScreen.storyboard */ = {
			isa = PBXVariantGroup;
			children = (
				04076C3F237A526600F2DDC4 /* Base */,
			);
			name = LaunchScreen.storyboard;
			sourceTree = "<group>";
		};
/* End PBXVariantGroup section */

/* Begin XCBuildConfiguration section */
		04076C42237A526600F2DDC4 /* Debug */ = {
			isa = XCBuildConfiguration;
			buildSettings = {
				ALWAYS_SEARCH_USER_PATHS = NO;
				CLANG_ANALYZER_NONNULL = YES;
				CLANG_ANALYZER_NUMBER_OBJECT_CONVERSION = YES_AGGRESSIVE;
				CLANG_CXX_LANGUAGE_STANDARD = "gnu++14";
				CLANG_CXX_LIBRARY = "libc++";
				CLANG_ENABLE_MODULES = YES;
				CLANG_ENABLE_OBJC_ARC = YES;
				CLANG_ENABLE_OBJC_WEAK = YES;
				CLANG_WARN_BLOCK_CAPTURE_AUTORELEASING = YES;
				CLANG_WARN_BOOL_CONVERSION = YES;
				CLANG_WARN_COMMA = YES;
				CLANG_WARN_CONSTANT_CONVERSION = YES;
				CLANG_WARN_DEPRECATED_OBJC_IMPLEMENTATIONS = YES;
				CLANG_WARN_DIRECT_OBJC_ISA_USAGE = YES_ERROR;
				CLANG_WARN_DOCUMENTATION_COMMENTS = YES;
				CLANG_WARN_EMPTY_BODY = YES;
				CLANG_WARN_ENUM_CONVERSION = YES;
				CLANG_WARN_INFINITE_RECURSION = YES;
				CLANG_WARN_INT_CONVERSION = YES;
				CLANG_WARN_NON_LITERAL_NULL_CONVERSION = YES;
				CLANG_WARN_OBJC_IMPLICIT_RETAIN_SELF = YES;
				CLANG_WARN_OBJC_LITERAL_CONVERSION = YES;
				CLANG_WARN_OBJC_ROOT_CLASS = YES_ERROR;
				CLANG_WARN_RANGE_LOOP_ANALYSIS = YES;
				CLANG_WARN_STRICT_PROTOTYPES = YES;
				CLANG_WARN_SUSPICIOUS_MOVE = YES;
				CLANG_WARN_UNGUARDED_AVAILABILITY = YES_AGGRESSIVE;
				CLANG_WARN_UNREACHABLE_CODE = YES;
				CLANG_WARN__DUPLICATE_METHOD_MATCH = YES;
				COPY_PHASE_STRIP = NO;
				DEBUG_INFORMATION_FORMAT = dwarf;
				ENABLE_STRICT_OBJC_MSGSEND = YES;
				ENABLE_TESTABILITY = YES;
				GCC_C_LANGUAGE_STANDARD = gnu11;
				GCC_DYNAMIC_NO_PIC = NO;
				GCC_NO_COMMON_BLOCKS = YES;
				GCC_OPTIMIZATION_LEVEL = 0;
				GCC_PREPROCESSOR_DEFINITIONS = (
					"DEBUG=1",
					"$(inherited)",
				);
				GCC_WARN_64_TO_32_BIT_CONVERSION = YES;
				GCC_WARN_ABOUT_RETURN_TYPE = YES_ERROR;
				GCC_WARN_UNDECLARED_SELECTOR = YES;
				GCC_WARN_UNINITIALIZED_AUTOS = YES_AGGRESSIVE;
				GCC_WARN_UNUSED_FUNCTION = YES;
				GCC_WARN_UNUSED_VARIABLE = YES;
				IPHONEOS_DEPLOYMENT_TARGET = 13.2;
				MTL_ENABLE_DEBUG_INFO = INCLUDE_SOURCE;
				MTL_FAST_MATH = YES;
				ONLY_ACTIVE_ARCH = YES;
				SDKROOT = iphoneos;
				SWIFT_ACTIVE_COMPILATION_CONDITIONS = DEBUG;
				SWIFT_OPTIMIZATION_LEVEL = "-Onone";
			};
			name = Debug;
		};
		04076C43237A526600F2DDC4 /* Release */ = {
			isa = XCBuildConfiguration;
			buildSettings = {
				ALWAYS_SEARCH_USER_PATHS = NO;
				CLANG_ANALYZER_NONNULL = YES;
				CLANG_ANALYZER_NUMBER_OBJECT_CONVERSION = YES_AGGRESSIVE;
				CLANG_CXX_LANGUAGE_STANDARD = "gnu++14";
				CLANG_CXX_LIBRARY = "libc++";
				CLANG_ENABLE_MODULES = YES;
				CLANG_ENABLE_OBJC_ARC = YES;
				CLANG_ENABLE_OBJC_WEAK = YES;
				CLANG_WARN_BLOCK_CAPTURE_AUTORELEASING = YES;
				CLANG_WARN_BOOL_CONVERSION = YES;
				CLANG_WARN_COMMA = YES;
				CLANG_WARN_CONSTANT_CONVERSION = YES;
				CLANG_WARN_DEPRECATED_OBJC_IMPLEMENTATIONS = YES;
				CLANG_WARN_DIRECT_OBJC_ISA_USAGE = YES_ERROR;
				CLANG_WARN_DOCUMENTATION_COMMENTS = YES;
				CLANG_WARN_EMPTY_BODY = YES;
				CLANG_WARN_ENUM_CONVERSION = YES;
				CLANG_WARN_INFINITE_RECURSION = YES;
				CLANG_WARN_INT_CONVERSION = YES;
				CLANG_WARN_NON_LITERAL_NULL_CONVERSION = YES;
				CLANG_WARN_OBJC_IMPLICIT_RETAIN_SELF = YES;
				CLANG_WARN_OBJC_LITERAL_CONVERSION = YES;
				CLANG_WARN_OBJC_ROOT_CLASS = YES_ERROR;
				CLANG_WARN_RANGE_LOOP_ANALYSIS = YES;
				CLANG_WARN_STRICT_PROTOTYPES = YES;
				CLANG_WARN_SUSPICIOUS_MOVE = YES;
				CLANG_WARN_UNGUARDED_AVAILABILITY = YES_AGGRESSIVE;
				CLANG_WARN_UNREACHABLE_CODE = YES;
				CLANG_WARN__DUPLICATE_METHOD_MATCH = YES;
				COPY_PHASE_STRIP = NO;
				DEBUG_INFORMATION_FORMAT = "dwarf-with-dsym";
				ENABLE_NS_ASSERTIONS = NO;
				ENABLE_STRICT_OBJC_MSGSEND = YES;
				GCC_C_LANGUAGE_STANDARD = gnu11;
				GCC_NO_COMMON_BLOCKS = YES;
				GCC_WARN_64_TO_32_BIT_CONVERSION = YES;
				GCC_WARN_ABOUT_RETURN_TYPE = YES_ERROR;
				GCC_WARN_UNDECLARED_SELECTOR = YES;
				GCC_WARN_UNINITIALIZED_AUTOS = YES_AGGRESSIVE;
				GCC_WARN_UNUSED_FUNCTION = YES;
				GCC_WARN_UNUSED_VARIABLE = YES;
				IPHONEOS_DEPLOYMENT_TARGET = 13.2;
				MTL_ENABLE_DEBUG_INFO = NO;
				MTL_FAST_MATH = YES;
				SDKROOT = iphoneos;
				SWIFT_COMPILATION_MODE = wholemodule;
				SWIFT_OPTIMIZATION_LEVEL = "-O";
				VALIDATE_PRODUCT = YES;
			};
			name = Release;
		};
		04076C45237A526600F2DDC4 /* Debug */ = {
			isa = XCBuildConfiguration;
			buildSettings = {
				ASSETCATALOG_COMPILER_APPICON_NAME = AppIcon;
				CODE_SIGN_STYLE = Automatic;
				DEVELOPMENT_TEAM = B8B6T65G65;
				INFOPLIST_FILE = SongMaps/Info.plist;
				LD_RUNPATH_SEARCH_PATHS = (
					"$(inherited)",
					"@executable_path/Frameworks",
				);
				PRODUCT_BUNDLE_IDENTIFIER = com.polecat.SongMaps;
				PRODUCT_NAME = "$(TARGET_NAME)";
				SWIFT_VERSION = 5.0;
				TARGETED_DEVICE_FAMILY = "1,2";
			};
			name = Debug;
		};
		04076C46237A526600F2DDC4 /* Release */ = {
			isa = XCBuildConfiguration;
			buildSettings = {
				ASSETCATALOG_COMPILER_APPICON_NAME = AppIcon;
				CODE_SIGN_STYLE = Automatic;
				DEVELOPMENT_TEAM = B8B6T65G65;
				INFOPLIST_FILE = SongMaps/Info.plist;
				LD_RUNPATH_SEARCH_PATHS = (
					"$(inherited)",
					"@executable_path/Frameworks",
				);
				PRODUCT_BUNDLE_IDENTIFIER = com.polecat.SongMaps;
				PRODUCT_NAME = "$(TARGET_NAME)";
				SWIFT_VERSION = 5.0;
				TARGETED_DEVICE_FAMILY = "1,2";
			};
			name = Release;
		};
/* End XCBuildConfiguration section */

/* Begin XCConfigurationList section */
		04076C2B237A526400F2DDC4 /* Build configuration list for PBXProject "SongMaps" */ = {
			isa = XCConfigurationList;
			buildConfigurations = (
				04076C42237A526600F2DDC4 /* Debug */,
				04076C43237A526600F2DDC4 /* Release */,
			);
			defaultConfigurationIsVisible = 0;
			defaultConfigurationName = Release;
		};
		04076C44237A526600F2DDC4 /* Build configuration list for PBXNativeTarget "SongMaps" */ = {
			isa = XCConfigurationList;
			buildConfigurations = (
				04076C45237A526600F2DDC4 /* Debug */,
				04076C46237A526600F2DDC4 /* Release */,
			);
			defaultConfigurationIsVisible = 0;
			defaultConfigurationName = Release;
		};
/* End XCConfigurationList section */
	};
	rootObject = 04076C28237A526400F2DDC4 /* Project object */;
}
